github.com/diamondburned/gotk4/pkg v0.0.6-0.20230825053034-ad325703aa2e h1:fH47UZxCz7xvmJHQ1w+nizBZpDNHdYmHwMwnUAByaLg=
github.com/diamondburned/gotk4/pkg v0.0.6-0.20230825053034-ad325703aa2e/go.mod h1:Jr5xzUuGyLsoMtE9LzE/Lay1gD0ONiFWAmQ0+Z6KLeA=
go4.org/unsafe/assume-no-moving-gc v0.0.0-20230525183740-e7c30c78aeb2 h1:WJhcL4p+YeDxmZWg141nRm7XC8IDmhz7lk5GpadO1Sg=
go4.org/unsafe/assume-no-moving-gc v0.0.0-20230525183740-e7c30c78aeb2/go.mod h1:FftLjUGFEDu5k8lt0ddY+HcrH/qU/0qk+H8j9/nTl3E=
golang.org/x/sync v0.3.0 h1:ftCYgMx6zT/asHUrPw8BLLscYtGznsLAnjq5RH9P66E=
golang.org/x/sync v0.3.0/go.mod h1:FU7BRWz2tNW+3quACPkgCx/L+uEAv1htQ0V83Z9Rj+Y=
